{
  "nodes": {
    "flake-compat": {
      "flake": false,
      "locked": {
        "lastModified": 1650374568,
        "narHash": "sha256-Z+s0J8/r907g149rllvwhb4pKi8Wam5ij0st8PwAh+E=",
        "owner": "edolstra",
        "repo": "flake-compat",
        "rev": "b4a34015c698c7793d592d66adbab377907a2be8",
        "type": "github"
      },
      "original": {
        "owner": "edolstra",
        "repo": "flake-compat",
        "type": "github"
      }
    },
    "flake-utils": {
      "locked": {
        "lastModified": 1667395993,
        "narHash": "sha256-nuEHfE/LcWyuSWnS8t12N1wc105Qtau+/OdUAjtQ0rA=",
        "owner": "numtide",
        "repo": "flake-utils",
        "rev": "5aed5285a952e0b949eb3ba02c12fa4fcfef535f",
        "type": "github"
      },
      "original": {
        "owner": "numtide",
        "repo": "flake-utils",
        "type": "github"
      }
    },
    "home-manager": {
      "inputs": {
        "nixpkgs": "nixpkgs",
        "utils": "utils"
      },
      "locked": {
        "lastModified": 1669510155,
        "narHash": "sha256-PS2WdRXujfxH9PuH0w8aRmrEQ+Toz3RqGlp0mXQRGio=",
        "owner": "nix-community",
        "repo": "home-manager",
        "rev": "e999dfe7cba2e1fd59ab135e7496545bd4f82b76",
        "type": "github"
      },
      "original": {
        "owner": "nix-community",
        "repo": "home-manager",
        "type": "github"
      }
    },
    "libnbtplusplus": {
      "flake": false,
      "locked": {
        "lastModified": 1650031308,
        "narHash": "sha256-TvVOjkUobYJD9itQYueELJX3wmecvEdCbJ0FinW2mL4=",
        "owner": "PrismLauncher",
        "repo": "libnbtplusplus",
        "rev": "2203af7eeb48c45398139b583615134efd8d407f",
        "type": "github"
      },
      "original": {
        "owner": "PrismLauncher",
        "repo": "libnbtplusplus",
        "type": "github"
      }
    },
    "nixos-hardware": {
      "locked": {
        "lastModified": 1669146234,
        "narHash": "sha256-HEby7EG1yaq1oT2Ze6Cvok9CFju1XHkSvVHmkptLW9U=",
        "owner": "NixOS",
        "repo": "nixos-hardware",
        "rev": "0099253ad0b5283f06ffe31cf010af3f9ad7837d",
        "type": "github"
      },
      "original": {
        "owner": "NixOS",
        "ref": "master",
        "repo": "nixos-hardware",
        "type": "github"
      }
    },
    "nixpkgs": {
      "locked": {
        "lastModified": 1669052418,
        "narHash": "sha256-M1I4BKXBQm2gey1tScemEh5TpHHE3gKptL7BpWUvL8s=",
        "owner": "nixos",
        "repo": "nixpkgs",
        "rev": "20fc948445a6c22d4e8d5178e9a6bc6e1f5417c8",
        "type": "github"
      },
      "original": {
        "owner": "nixos",
        "ref": "nixos-unstable",
        "repo": "nixpkgs",
        "type": "github"
      }
    },
    "nixpkgs_2": {
      "locked": {
        "lastModified": 1669411043,
        "narHash": "sha256-LfPd3+EY+jaIHTRIEOUtHXuanxm59YKgUacmSzaqMLc=",
        "owner": "nixos",
        "repo": "nixpkgs",
        "rev": "5dc7114b7b256d217fe7752f1614be2514e61bb8",
        "type": "github"
      },
      "original": {
        "owner": "nixos",
        "ref": "nixos-unstable",
        "repo": "nixpkgs",
        "type": "github"
      }
    },
    "nixpkgs_3": {
      "locked": {
        "lastModified": 1666057921,
        "narHash": "sha256-VpQqtXdj6G7cH//SvoprjR7XT3KS7p+tCVebGK1N6tE=",
        "owner": "nixos",
        "repo": "nixpkgs",
        "rev": "88eab1e431cabd0ed621428d8b40d425a07af39f",
        "type": "github"
      },
      "original": {
        "owner": "nixos",
        "ref": "nixpkgs-unstable",
        "repo": "nixpkgs",
        "type": "github"
      }
    },
    "prism-launcher": {
      "inputs": {
        "flake-compat": "flake-compat",
        "libnbtplusplus": "libnbtplusplus",
        "nixpkgs": "nixpkgs_3",
        "tomlplusplus": "tomlplusplus"
      },
      "locked": {
        "lastModified": 1669485723,
        "narHash": "sha256-b9nI+PD7sWTDDbqn7m/CPwZzgMIOy4d0CXS01dSQF0M=",
        "owner": "PrismLauncher",
        "repo": "PrismLauncher",
        "rev": "cc92e1b0b6293a5c198b34554e68440a82e6074c",
        "type": "github"
      },
      "original": {
        "owner": "PrismLauncher",
        "repo": "PrismLauncher",
        "type": "github"
      }
    },
    "root": {
      "inputs": {
        "flake-utils": "flake-utils",
        "home-manager": "home-manager",
        "nixos-hardware": "nixos-hardware",
        "nixpkgs": "nixpkgs_2",
        "prism-launcher": "prism-launcher"
      }
    },
    "tomlplusplus": {
      "flake": false,
      "locked": {
        "lastModified": 1666091090,
        "narHash": "sha256-djpMCFPvkJcfynV8WnsYdtwLq+J7jpV1iM4C6TojiyM=",
        "owner": "marzer",
        "repo": "tomlplusplus",
        "rev": "1e4a3833d013aee08f58c5b31c69f709afc69f73",
        "type": "github"
      },
      "original": {
        "owner": "marzer",
        "repo": "tomlplusplus",
        "type": "github"
      }
    },
    "utils": {
      "locked": {
        "lastModified": 1667395993,
        "narHash": "sha256-nuEHfE/LcWyuSWnS8t12N1wc105Qtau+/OdUAjtQ0rA=",
        "owner": "numtide",
        "repo": "flake-utils",
        "rev": "5aed5285a952e0b949eb3ba02c12fa4fcfef535f",
        "type": "github"
      },
      "original": {
        "owner": "numtide",
        "repo": "flake-utils",
        "type": "github"
      }
    }
  },
  "root": "root",
  "version": 7
}
